
Microsoft Visual Studio Solution File, Format Version 12.00
# Visual Studio Version 17
VisualStudioVersion = 17.4.33403.182
MinimumVisualStudioVersion = 10.0.40219.1
Project("{2150E333-8FDC-42A3-9474-1A3956D46DE8}") = "test", "test", "{96FD43C0-F259-4DA6-88EE-7F630BDD75F3}"
EndProject
Project("{2150E333-8FDC-42A3-9474-1A3956D46DE8}") = "src", "src", "{02202A23-B295-4F91-BADF-B254D5C25953}"
EndProject
Project("{2150E333-8FDC-42A3-9474-1A3956D46DE8}") = "example", "example", "{0F060FBB-54D9-45CC-83F0-B11F9FA34285}"
EndProject
Project("{2150E333-8FDC-42A3-9474-1A3956D46DE8}") = "build", "build", "{3F1EB4EA-BD8F-4988-9142-821439050A40}"
EndProject
Project("{9A19103F-16F7-4668-BE54-9A1E7A4F7556}") = "MLPickup.Codecs", "src\MLPickup.Codecs\MLPickup.Codecs.csproj", "{E3215802-92F0-40B7-B579-E68C560235DE}"
EndProject
Project("{9A19103F-16F7-4668-BE54-9A1E7A4F7556}") = "MLPickup.Codecs.Redis", "src\MLPickup.Codecs.Redis\MLPickup.Codecs.Redis.csproj", "{107C106D-6946-4205-9073-17F7165A6284}"
EndProject
Project("{9A19103F-16F7-4668-BE54-9A1E7A4F7556}") = "MLPickup.Codesc.Milvus", "src\MLPickup.Codesc.Milvus\MLPickup.Codesc.Milvus.csproj", "{2B0D5DC4-5878-4570-9A78-87F6344A76A2}"
EndProject
Project("{9A19103F-16F7-4668-BE54-9A1E7A4F7556}") = "MLPickup.Common", "src\MLPickup.Common\MLPickup.Common.csproj", "{95C47371-1870-448D-B188-873D318DDA03}"
EndProject
Project("{9A19103F-16F7-4668-BE54-9A1E7A4F7556}") = "MLPickup.EventBus", "src\MLPickup.EventBus\MLPickup.EventBus.csproj", "{7888350B-B54B-412B-81E4-BD3D498F8AD7}"
EndProject
Project("{9A19103F-16F7-4668-BE54-9A1E7A4F7556}") = "MLPickup.Handlers", "src\MLPickup.Handlers\MLPickup.Handlers.csproj", "{73A11B89-0D04-449B-866B-BA9DF634551E}"
EndProject
Project("{9A19103F-16F7-4668-BE54-9A1E7A4F7556}") = "MLPickup.Modeler", "src\MLPickup.Modeler\MLPickup.Modeler.csproj", "{98DC4703-56CA-4569-86BF-BEC4C8063114}"
EndProject
Project("{9A19103F-16F7-4668-BE54-9A1E7A4F7556}") = "MLPickup.Modeler.Tests", "test\MLPickup.Modeler.Tests\MLPickup.Modeler.Tests.csproj", "{BB57297E-01EE-4FCE-AB30-811F5B7AACF8}"
EndProject
Global
	GlobalSection(SolutionConfigurationPlatforms) = preSolution
		Debug|Any CPU = Debug|Any CPU
		Package|Any CPU = Package|Any CPU
		Release|Any CPU = Release|Any CPU
	EndGlobalSection
	GlobalSection(ProjectConfigurationPlatforms) = postSolution
		{E3215802-92F0-40B7-B579-E68C560235DE}.Debug|Any CPU.ActiveCfg = Debug|Any CPU
		{E3215802-92F0-40B7-B579-E68C560235DE}.Debug|Any CPU.Build.0 = Debug|Any CPU
		{E3215802-92F0-40B7-B579-E68C560235DE}.Package|Any CPU.ActiveCfg = Package|Any CPU
		{E3215802-92F0-40B7-B579-E68C560235DE}.Package|Any CPU.Build.0 = Package|Any CPU
		{E3215802-92F0-40B7-B579-E68C560235DE}.Release|Any CPU.ActiveCfg = Release|Any CPU
		{E3215802-92F0-40B7-B579-E68C560235DE}.Release|Any CPU.Build.0 = Release|Any CPU
		{107C106D-6946-4205-9073-17F7165A6284}.Debug|Any CPU.ActiveCfg = Debug|Any CPU
		{107C106D-6946-4205-9073-17F7165A6284}.Debug|Any CPU.Build.0 = Debug|Any CPU
		{107C106D-6946-4205-9073-17F7165A6284}.Package|Any CPU.ActiveCfg = Package|Any CPU
		{107C106D-6946-4205-9073-17F7165A6284}.Package|Any CPU.Build.0 = Package|Any CPU
		{107C106D-6946-4205-9073-17F7165A6284}.Release|Any CPU.ActiveCfg = Release|Any CPU
		{107C106D-6946-4205-9073-17F7165A6284}.Release|Any CPU.Build.0 = Release|Any CPU
		{2B0D5DC4-5878-4570-9A78-87F6344A76A2}.Debug|Any CPU.ActiveCfg = Debug|Any CPU
		{2B0D5DC4-5878-4570-9A78-87F6344A76A2}.Debug|Any CPU.Build.0 = Debug|Any CPU
		{2B0D5DC4-5878-4570-9A78-87F6344A76A2}.Package|Any CPU.ActiveCfg = Package|Any CPU
		{2B0D5DC4-5878-4570-9A78-87F6344A76A2}.Package|Any CPU.Build.0 = Package|Any CPU
		{2B0D5DC4-5878-4570-9A78-87F6344A76A2}.Release|Any CPU.ActiveCfg = Release|Any CPU
		{2B0D5DC4-5878-4570-9A78-87F6344A76A2}.Release|Any CPU.Build.0 = Release|Any CPU
		{95C47371-1870-448D-B188-873D318DDA03}.Debug|Any CPU.ActiveCfg = Debug|Any CPU
		{95C47371-1870-448D-B188-873D318DDA03}.Debug|Any CPU.Build.0 = Debug|Any CPU
		{95C47371-1870-448D-B188-873D318DDA03}.Package|Any CPU.ActiveCfg = Package|Any CPU
		{95C47371-1870-448D-B188-873D318DDA03}.Package|Any CPU.Build.0 = Package|Any CPU
		{95C47371-1870-448D-B188-873D318DDA03}.Release|Any CPU.ActiveCfg = Release|Any CPU
		{95C47371-1870-448D-B188-873D318DDA03}.Release|Any CPU.Build.0 = Release|Any CPU
		{7888350B-B54B-412B-81E4-BD3D498F8AD7}.Debug|Any CPU.ActiveCfg = Debug|Any CPU
		{7888350B-B54B-412B-81E4-BD3D498F8AD7}.Debug|Any CPU.Build.0 = Debug|Any CPU
		{7888350B-B54B-412B-81E4-BD3D498F8AD7}.Package|Any CPU.ActiveCfg = Package|Any CPU
		{7888350B-B54B-412B-81E4-BD3D498F8AD7}.Package|Any CPU.Build.0 = Package|Any CPU
		{7888350B-B54B-412B-81E4-BD3D498F8AD7}.Release|Any CPU.ActiveCfg = Release|Any CPU
		{7888350B-B54B-412B-81E4-BD3D498F8AD7}.Release|Any CPU.Build.0 = Release|Any CPU
		{73A11B89-0D04-449B-866B-BA9DF634551E}.Debug|Any CPU.ActiveCfg = Debug|Any CPU
		{73A11B89-0D04-449B-866B-BA9DF634551E}.Debug|Any CPU.Build.0 = Debug|Any CPU
		{73A11B89-0D04-449B-866B-BA9DF634551E}.Package|Any CPU.ActiveCfg = Package|Any CPU
		{73A11B89-0D04-449B-866B-BA9DF634551E}.Package|Any CPU.Build.0 = Package|Any CPU
		{73A11B89-0D04-449B-866B-BA9DF634551E}.Release|Any CPU.ActiveCfg = Release|Any CPU
		{73A11B89-0D04-449B-866B-BA9DF634551E}.Release|Any CPU.Build.0 = Release|Any CPU
		{98DC4703-56CA-4569-86BF-BEC4C8063114}.Debug|Any CPU.ActiveCfg = Debug|Any CPU
		{98DC4703-56CA-4569-86BF-BEC4C8063114}.Debug|Any CPU.Build.0 = Debug|Any CPU
		{98DC4703-56CA-4569-86BF-BEC4C8063114}.Package|Any CPU.ActiveCfg = Package|Any CPU
		{98DC4703-56CA-4569-86BF-BEC4C8063114}.Package|Any CPU.Build.0 = Package|Any CPU
		{98DC4703-56CA-4569-86BF-BEC4C8063114}.Release|Any CPU.ActiveCfg = Release|Any CPU
		{98DC4703-56CA-4569-86BF-BEC4C8063114}.Release|Any CPU.Build.0 = Release|Any CPU
		{BB57297E-01EE-4FCE-AB30-811F5B7AACF8}.Debug|Any CPU.ActiveCfg = Debug|Any CPU
		{BB57297E-01EE-4FCE-AB30-811F5B7AACF8}.Debug|Any CPU.Build.0 = Debug|Any CPU
		{BB57297E-01EE-4FCE-AB30-811F5B7AACF8}.Package|Any CPU.ActiveCfg = Debug|Any CPU
		{BB57297E-01EE-4FCE-AB30-811F5B7AACF8}.Package|Any CPU.Build.0 = Debug|Any CPU
		{BB57297E-01EE-4FCE-AB30-811F5B7AACF8}.Release|Any CPU.ActiveCfg = Release|Any CPU
		{BB57297E-01EE-4FCE-AB30-811F5B7AACF8}.Release|Any CPU.Build.0 = Release|Any CPU
	EndGlobalSection
	GlobalSection(SolutionProperties) = preSolution
		HideSolutionNode = FALSE
	EndGlobalSection
	GlobalSection(NestedProjects) = preSolution
		{E3215802-92F0-40B7-B579-E68C560235DE} = {02202A23-B295-4F91-BADF-B254D5C25953}
		{107C106D-6946-4205-9073-17F7165A6284} = {02202A23-B295-4F91-BADF-B254D5C25953}
		{2B0D5DC4-5878-4570-9A78-87F6344A76A2} = {02202A23-B295-4F91-BADF-B254D5C25953}
		{95C47371-1870-448D-B188-873D318DDA03} = {02202A23-B295-4F91-BADF-B254D5C25953}
		{7888350B-B54B-412B-81E4-BD3D498F8AD7} = {02202A23-B295-4F91-BADF-B254D5C25953}
		{73A11B89-0D04-449B-866B-BA9DF634551E} = {02202A23-B295-4F91-BADF-B254D5C25953}
		{98DC4703-56CA-4569-86BF-BEC4C8063114} = {02202A23-B295-4F91-BADF-B254D5C25953}
		{BB57297E-01EE-4FCE-AB30-811F5B7AACF8} = {96FD43C0-F259-4DA6-88EE-7F630BDD75F3}
	EndGlobalSection
	GlobalSection(ExtensibilityGlobals) = postSolution
		SolutionGuid = {D77717BB-F89E-4496-A4CA-24BEB17F3BED}
	EndGlobalSection
EndGlobal
